
Microsoft Visual Studio Solution File, Format Version 12.00
# Visual Studio Version 17
VisualStudioVersion = 17.2.32602.215
MinimumVisualStudioVersion = 10.0.40219.1
Project("{9A19103F-16F7-4668-BE54-9A1E7A4F7556}") = "HRM.WebApi", "HRM.WebApi\HRM.WebApi.csproj", "{70439537-2E61-4161-852D-D490E00BA5A5}"
EndProject
Project("{9A19103F-16F7-4668-BE54-9A1E7A4F7556}") = "HRM.DAL.EF", "HRM.DAL.EF\HRM.DAL.EF.csproj", "{D28F3E32-763F-4766-B160-8B93E638A1FE}"
EndProject
Project("{9A19103F-16F7-4668-BE54-9A1E7A4F7556}") = "HRM.Models", "HRM.Models\HRM.Models.csproj", "{B893BAFE-1F6C-460B-968D-1DF8CF44F971}"
EndProject
Global
	GlobalSection(SolutionConfigurationPlatforms) = preSolution
		Debug|Any CPU = Debug|Any CPU
		Release|Any CPU = Release|Any CPU
	EndGlobalSection
	GlobalSection(ProjectConfigurationPlatforms) = postSolution
		{70439537-2E61-4161-852D-D490E00BA5A5}.Debug|Any CPU.ActiveCfg = Debug|Any CPU
		{70439537-2E61-4161-852D-D490E00BA5A5}.Debug|Any CPU.Build.0 = Debug|Any CPU
		{70439537-2E61-4161-852D-D490E00BA5A5}.Release|Any CPU.ActiveCfg = Release|Any CPU
		{70439537-2E61-4161-852D-D490E00BA5A5}.Release|Any CPU.Build.0 = Release|Any CPU
		{D28F3E32-763F-4766-B160-8B93E638A1FE}.Debug|Any CPU.ActiveCfg = Debug|Any CPU
		{D28F3E32-763F-4766-B160-8B93E638A1FE}.Debug|Any CPU.Build.0 = Debug|Any CPU
		{D28F3E32-763F-4766-B160-8B93E638A1FE}.Release|Any CPU.ActiveCfg = Release|Any CPU
		{D28F3E32-763F-4766-B160-8B93E638A1FE}.Release|Any CPU.Build.0 = Release|Any CPU
		{B893BAFE-1F6C-460B-968D-1DF8CF44F971}.Debug|Any CPU.ActiveCfg = Debug|Any CPU
		{B893BAFE-1F6C-460B-968D-1DF8CF44F971}.Debug|Any CPU.Build.0 = Debug|Any CPU
		{B893BAFE-1F6C-460B-968D-1DF8CF44F971}.Release|Any CPU.ActiveCfg = Release|Any CPU
		{B893BAFE-1F6C-460B-968D-1DF8CF44F971}.Release|Any CPU.Build.0 = Release|Any CPU
	EndGlobalSection
	GlobalSection(SolutionProperties) = preSolution
		HideSolutionNode = FALSE
	EndGlobalSection
	GlobalSection(ExtensibilityGlobals) = postSolution
		SolutionGuid = {748E454F-0E72-405F-83F7-E6FA14C46B51}
	EndGlobalSection
EndGlobal
